// !$*UTF8*$!
{
	archiveVersion = 1;
	classes = {
	};
	objectVersion = 46;
	objects = {

/* Begin PBXBuildFile section */
		5590DA4EE694E7A67879547E /* libPods-EmojisTests.a in Frameworks */ = {isa = PBXBuildFile; fileRef = 661FF47460D98A0E1912FDC4 /* libPods-EmojisTests.a */; };
		9BCC805E7657B9A25ABF84D1 /* libPods-Emojis.a in Frameworks */ = {isa = PBXBuildFile; fileRef = E4FB7D6E4A1B9C33B423F278 /* libPods-Emojis.a */; };
		CC78A7C01BE1C5C1D06DAC27 /* libPods-EmojisUITests.a in Frameworks */ = {isa = PBXBuildFile; fileRef = 79CE1C973BDCF57896365516 /* libPods-EmojisUITests.a */; };
		E7D05EC11DD2E28E0001411F /* SMEmojisCollection.m in Sources */ = {isa = PBXBuildFile; fileRef = E7D05EC01DD2E28E0001411F /* SMEmojisCollection.m */; };
		E7D05EC41DD2EC070001411F /* SMEmojiCollectionViewCell.m in Sources */ = {isa = PBXBuildFile; fileRef = E7D05EC31DD2EC070001411F /* SMEmojiCollectionViewCell.m */; };
		E7D05EC71DD2EF200001411F /* SMEmojiDetailsViewController.m in Sources */ = {isa = PBXBuildFile; fileRef = E7D05EC61DD2EF200001411F /* SMEmojiDetailsViewController.m */; };
		E7D05ECA1DD2F35F0001411F /* SMEmoji.m in Sources */ = {isa = PBXBuildFile; fileRef = E7D05EC91DD2F35F0001411F /* SMEmoji.m */; };
		E7DBD6DE1DD2BCF50059C5E1 /* main.m in Sources */ = {isa = PBXBuildFile; fileRef = E7DBD6DD1DD2BCF50059C5E1 /* main.m */; };
		E7DBD6E11DD2BCF50059C5E1 /* AppDelegate.m in Sources */ = {isa = PBXBuildFile; fileRef = E7DBD6E01DD2BCF50059C5E1 /* AppDelegate.m */; };
		E7DBD6E41DD2BCF50059C5E1 /* SMRootViewController.m in Sources */ = {isa = PBXBuildFile; fileRef = E7DBD6E31DD2BCF50059C5E1 /* SMRootViewController.m */; };
		E7DBD6E71DD2BCF50059C5E1 /* Main.storyboard in Resources */ = {isa = PBXBuildFile; fileRef = E7DBD6E51DD2BCF50059C5E1 /* Main.storyboard */; };
		E7DBD6E91DD2BCF50059C5E1 /* Assets.xcassets in Resources */ = {isa = PBXBuildFile; fileRef = E7DBD6E81DD2BCF50059C5E1 /* Assets.xcassets */; };
		E7DBD6EC1DD2BCF50059C5E1 /* LaunchScreen.storyboard in Resources */ = {isa = PBXBuildFile; fileRef = E7DBD6EA1DD2BCF50059C5E1 /* LaunchScreen.storyboard */; };
		E7DBD6F71DD2BCF50059C5E1 /* EmojisTests.m in Sources */ = {isa = PBXBuildFile; fileRef = E7DBD6F61DD2BCF50059C5E1 /* EmojisTests.m */; };
		E7DBD7021DD2BCF50059C5E1 /* EmojisUITests.m in Sources */ = {isa = PBXBuildFile; fileRef = E7DBD7011DD2BCF50059C5E1 /* EmojisUITests.m */; };
/* End PBXBuildFile section */

/* Begin PBXContainerItemProxy section */
		E7DBD6F31DD2BCF50059C5E1 /* PBXContainerItemProxy */ = {
			isa = PBXContainerItemProxy;
			containerPortal = E7DBD6D11DD2BCF50059C5E1 /* Project object */;
			proxyType = 1;
			remoteGlobalIDString = E7DBD6D81DD2BCF50059C5E1;
			remoteInfo = Emojis;
		};
		E7DBD6FE1DD2BCF50059C5E1 /* PBXContainerItemProxy */ = {
			isa = PBXContainerItemProxy;
			containerPortal = E7DBD6D11DD2BCF50059C5E1 /* Project object */;
			proxyType = 1;
			remoteGlobalIDString = E7DBD6D81DD2BCF50059C5E1;
			remoteInfo = Emojis;
		};
/* End PBXContainerItemProxy section */

/* Begin PBXFileReference section */
		075E73A84EFD8A6B4F95499E /* Pods-Emojis.debug.xcconfig */ = {isa = PBXFileReference; includeInIndex = 1; lastKnownFileType = text.xcconfig; name = "Pods-Emojis.debug.xcconfig"; path = "Pods/Target Support Files/Pods-Emojis/Pods-Emojis.debug.xcconfig"; sourceTree = "<group>"; };
		0F907547DBB11D045F13C0DD /* Pods-EmojisUITests.release.xcconfig */ = {isa = PBXFileReference; includeInIndex = 1; lastKnownFileType = text.xcconfig; name = "Pods-EmojisUITests.release.xcconfig"; path = "Pods/Target Support Files/Pods-EmojisUITests/Pods-EmojisUITests.release.xcconfig"; sourceTree = "<group>"; };
		661FF47460D98A0E1912FDC4 /* libPods-EmojisTests.a */ = {isa = PBXFileReference; explicitFileType = archive.ar; includeInIndex = 0; path = "libPods-EmojisTests.a"; sourceTree = BUILT_PRODUCTS_DIR; };
		79CE1C973BDCF57896365516 /* libPods-EmojisUITests.a */ = {isa = PBXFileReference; explicitFileType = archive.ar; includeInIndex = 0; path = "libPods-EmojisUITests.a"; sourceTree = BUILT_PRODUCTS_DIR; };
		83ED15E56C9635D500472936 /* Pods-EmojisTests.release.xcconfig */ = {isa = PBXFileReference; includeInIndex = 1; lastKnownFileType = text.xcconfig; name = "Pods-EmojisTests.release.xcconfig"; path = "Pods/Target Support Files/Pods-EmojisTests/Pods-EmojisTests.release.xcconfig"; sourceTree = "<group>"; };
		8BD55B8295604C9396F6E6B6 /* Pods-Emojis.release.xcconfig */ = {isa = PBXFileReference; includeInIndex = 1; lastKnownFileType = text.xcconfig; name = "Pods-Emojis.release.xcconfig"; path = "Pods/Target Support Files/Pods-Emojis/Pods-Emojis.release.xcconfig"; sourceTree = "<group>"; };
		D6FE0BF47FD62C5115FA63C4 /* Pods-EmojisUITests.debug.xcconfig */ = {isa = PBXFileReference; includeInIndex = 1; lastKnownFileType = text.xcconfig; name = "Pods-EmojisUITests.debug.xcconfig"; path = "Pods/Target Support Files/Pods-EmojisUITests/Pods-EmojisUITests.debug.xcconfig"; sourceTree = "<group>"; };
		D966493923BD5FADD2541A62 /* Pods-EmojisTests.debug.xcconfig */ = {isa = PBXFileReference; includeInIndex = 1; lastKnownFileType = text.xcconfig; name = "Pods-EmojisTests.debug.xcconfig"; path = "Pods/Target Support Files/Pods-EmojisTests/Pods-EmojisTests.debug.xcconfig"; sourceTree = "<group>"; };
		E4FB7D6E4A1B9C33B423F278 /* libPods-Emojis.a */ = {isa = PBXFileReference; explicitFileType = archive.ar; includeInIndex = 0; path = "libPods-Emojis.a"; sourceTree = BUILT_PRODUCTS_DIR; };
		E7D05EBF1DD2E28E0001411F /* SMEmojisCollection.h */ = {isa = PBXFileReference; fileEncoding = 4; lastKnownFileType = sourcecode.c.h; path = SMEmojisCollection.h; sourceTree = "<group>"; };
		E7D05EC01DD2E28E0001411F /* SMEmojisCollection.m */ = {isa = PBXFileReference; fileEncoding = 4; lastKnownFileType = sourcecode.c.objc; path = SMEmojisCollection.m; sourceTree = "<group>"; };
		E7D05EC21DD2EC070001411F /* SMEmojiCollectionViewCell.h */ = {isa = PBXFileReference; fileEncoding = 4; lastKnownFileType = sourcecode.c.h; path = SMEmojiCollectionViewCell.h; sourceTree = "<group>"; };
		E7D05EC31DD2EC070001411F /* SMEmojiCollectionViewCell.m */ = {isa = PBXFileReference; fileEncoding = 4; lastKnownFileType = sourcecode.c.objc; path = SMEmojiCollectionViewCell.m; sourceTree = "<group>"; };
		E7D05EC51DD2EF200001411F /* SMEmojiDetailsViewController.h */ = {isa = PBXFileReference; fileEncoding = 4; lastKnownFileType = sourcecode.c.h; path = SMEmojiDetailsViewController.h; sourceTree = "<group>"; };
		E7D05EC61DD2EF200001411F /* SMEmojiDetailsViewController.m */ = {isa = PBXFileReference; fileEncoding = 4; lastKnownFileType = sourcecode.c.objc; path = SMEmojiDetailsViewController.m; sourceTree = "<group>"; };
		E7D05EC81DD2F35F0001411F /* SMEmoji.h */ = {isa = PBXFileReference; fileEncoding = 4; lastKnownFileType = sourcecode.c.h; path = SMEmoji.h; sourceTree = "<group>"; };
		E7D05EC91DD2F35F0001411F /* SMEmoji.m */ = {isa = PBXFileReference; fileEncoding = 4; lastKnownFileType = sourcecode.c.objc; path = SMEmoji.m; sourceTree = "<group>"; };
		E7DBD6D91DD2BCF50059C5E1 /* Emojis.app */ = {isa = PBXFileReference; explicitFileType = wrapper.application; includeInIndex = 0; path = Emojis.app; sourceTree = BUILT_PRODUCTS_DIR; };
		E7DBD6DD1DD2BCF50059C5E1 /* main.m */ = {isa = PBXFileReference; lastKnownFileType = sourcecode.c.objc; path = main.m; sourceTree = "<group>"; };
		E7DBD6DF1DD2BCF50059C5E1 /* AppDelegate.h */ = {isa = PBXFileReference; lastKnownFileType = sourcecode.c.h; path = AppDelegate.h; sourceTree = "<group>"; };
		E7DBD6E01DD2BCF50059C5E1 /* AppDelegate.m */ = {isa = PBXFileReference; lastKnownFileType = sourcecode.c.objc; path = AppDelegate.m; sourceTree = "<group>"; };
		E7DBD6E21DD2BCF50059C5E1 /* SMRootViewController.h */ = {isa = PBXFileReference; lastKnownFileType = sourcecode.c.h; path = SMRootViewController.h; sourceTree = "<group>"; };
		E7DBD6E31DD2BCF50059C5E1 /* SMRootViewController.m */ = {isa = PBXFileReference; lastKnownFileType = sourcecode.c.objc; path = SMRootViewController.m; sourceTree = "<group>"; };
		E7DBD6E61DD2BCF50059C5E1 /* Base */ = {isa = PBXFileReference; lastKnownFileType = file.storyboard; name = Base; path = Base.lproj/Main.storyboard; sourceTree = "<group>"; };
		E7DBD6E81DD2BCF50059C5E1 /* Assets.xcassets */ = {isa = PBXFileReference; lastKnownFileType = folder.assetcatalog; path = Assets.xcassets; sourceTree = "<group>"; };
		E7DBD6EB1DD2BCF50059C5E1 /* Base */ = {isa = PBXFileReference; lastKnownFileType = file.storyboard; name = Base; path = Base.lproj/LaunchScreen.storyboard; sourceTree = "<group>"; };
		E7DBD6ED1DD2BCF50059C5E1 /* Info.plist */ = {isa = PBXFileReference; lastKnownFileType = text.plist.xml; path = Info.plist; sourceTree = "<group>"; };
		E7DBD6F21DD2BCF50059C5E1 /* EmojisTests.xctest */ = {isa = PBXFileReference; explicitFileType = wrapper.cfbundle; includeInIndex = 0; path = EmojisTests.xctest; sourceTree = BUILT_PRODUCTS_DIR; };
		E7DBD6F61DD2BCF50059C5E1 /* EmojisTests.m */ = {isa = PBXFileReference; lastKnownFileType = sourcecode.c.objc; path = EmojisTests.m; sourceTree = "<group>"; };
		E7DBD6F81DD2BCF50059C5E1 /* Info.plist */ = {isa = PBXFileReference; lastKnownFileType = text.plist.xml; path = Info.plist; sourceTree = "<group>"; };
		E7DBD6FD1DD2BCF50059C5E1 /* EmojisUITests.xctest */ = {isa = PBXFileReference; explicitFileType = wrapper.cfbundle; includeInIndex = 0; path = EmojisUITests.xctest; sourceTree = BUILT_PRODUCTS_DIR; };
		E7DBD7011DD2BCF50059C5E1 /* EmojisUITests.m */ = {isa = PBXFileReference; lastKnownFileType = sourcecode.c.objc; path = EmojisUITests.m; sourceTree = "<group>"; };
		E7DBD7031DD2BCF50059C5E1 /* Info.plist */ = {isa = PBXFileReference; lastKnownFileType = text.plist.xml; path = Info.plist; sourceTree = "<group>"; };
/* End PBXFileReference section */

/* Begin PBXFrameworksBuildPhase section */
		E7DBD6D61DD2BCF50059C5E1 /* Frameworks */ = {
			isa = PBXFrameworksBuildPhase;
			buildActionMask = 2147483647;
			files = (
				9BCC805E7657B9A25ABF84D1 /* libPods-Emojis.a in Frameworks */,
			);
			runOnlyForDeploymentPostprocessing = 0;
		};
		E7DBD6EF1DD2BCF50059C5E1 /* Frameworks */ = {
			isa = PBXFrameworksBuildPhase;
			buildActionMask = 2147483647;
			files = (
				5590DA4EE694E7A67879547E /* libPods-EmojisTests.a in Frameworks */,
			);
			runOnlyForDeploymentPostprocessing = 0;
		};
		E7DBD6FA1DD2BCF50059C5E1 /* Frameworks */ = {
			isa = PBXFrameworksBuildPhase;
			buildActionMask = 2147483647;
			files = (
				CC78A7C01BE1C5C1D06DAC27 /* libPods-EmojisUITests.a in Frameworks */,
			);
			runOnlyForDeploymentPostprocessing = 0;
		};
/* End PBXFrameworksBuildPhase section */

/* Begin PBXGroup section */
		14492005467D4675019954E7 /* Frameworks */ = {
			isa = PBXGroup;
			children = (
				E4FB7D6E4A1B9C33B423F278 /* libPods-Emojis.a */,
				661FF47460D98A0E1912FDC4 /* libPods-EmojisTests.a */,
				79CE1C973BDCF57896365516 /* libPods-EmojisUITests.a */,
			);
			name = Frameworks;
			sourceTree = "<group>";
		};
		E7D05EBE1DD2E24A0001411F /* model */ = {
			isa = PBXGroup;
			children = (
				E7D05EBF1DD2E28E0001411F /* SMEmojisCollection.h */,
				E7D05EC01DD2E28E0001411F /* SMEmojisCollection.m */,
				E7D05EC81DD2F35F0001411F /* SMEmoji.h */,
				E7D05EC91DD2F35F0001411F /* SMEmoji.m */,
			);
			path = model;
			sourceTree = "<group>";
		};
		E7DBD6D01DD2BCF50059C5E1 = {
			isa = PBXGroup;
			children = (
				E7DBD6DB1DD2BCF50059C5E1 /* Emojis */,
				E7DBD6F51DD2BCF50059C5E1 /* EmojisTests */,
				E7DBD7001DD2BCF50059C5E1 /* EmojisUITests */,
				E7DBD6DA1DD2BCF50059C5E1 /* Products */,
				F9399FE2F65F2A7B47327FA6 /* Pods */,
				14492005467D4675019954E7 /* Frameworks */,
			);
			sourceTree = "<group>";
		};
		E7DBD6DA1DD2BCF50059C5E1 /* Products */ = {
			isa = PBXGroup;
			children = (
				E7DBD6D91DD2BCF50059C5E1 /* Emojis.app */,
				E7DBD6F21DD2BCF50059C5E1 /* EmojisTests.xctest */,
				E7DBD6FD1DD2BCF50059C5E1 /* EmojisUITests.xctest */,
			);
			name = Products;
			sourceTree = "<group>";
		};
		E7DBD6DB1DD2BCF50059C5E1 /* Emojis */ = {
			isa = PBXGroup;
			children = (
				E7D05EBE1DD2E24A0001411F /* model */,
				E7DBD6DF1DD2BCF50059C5E1 /* AppDelegate.h */,
				E7DBD6E01DD2BCF50059C5E1 /* AppDelegate.m */,
				E7DBD6E21DD2BCF50059C5E1 /* SMRootViewController.h */,
				E7DBD6E31DD2BCF50059C5E1 /* SMRootViewController.m */,
				E7DBD6E51DD2BCF50059C5E1 /* Main.storyboard */,
				E7DBD6E81DD2BCF50059C5E1 /* Assets.xcassets */,
				E7DBD6EA1DD2BCF50059C5E1 /* LaunchScreen.storyboard */,
				E7DBD6ED1DD2BCF50059C5E1 /* Info.plist */,
				E7DBD6DC1DD2BCF50059C5E1 /* Supporting Files */,
				E7D05EC21DD2EC070001411F /* SMEmojiCollectionViewCell.h */,
				E7D05EC31DD2EC070001411F /* SMEmojiCollectionViewCell.m */,
				E7D05EC51DD2EF200001411F /* SMEmojiDetailsViewController.h */,
				E7D05EC61DD2EF200001411F /* SMEmojiDetailsViewController.m */,
			);
			path = Emojis;
			sourceTree = "<group>";
		};
		E7DBD6DC1DD2BCF50059C5E1 /* Supporting Files */ = {
			isa = PBXGroup;
			children = (
				E7DBD6DD1DD2BCF50059C5E1 /* main.m */,
			);
			name = "Supporting Files";
			sourceTree = "<group>";
		};
		E7DBD6F51DD2BCF50059C5E1 /* EmojisTests */ = {
			isa = PBXGroup;
			children = (
				E7DBD6F61DD2BCF50059C5E1 /* EmojisTests.m */,
				E7DBD6F81DD2BCF50059C5E1 /* Info.plist */,
			);
			path = EmojisTests;
			sourceTree = "<group>";
		};
		E7DBD7001DD2BCF50059C5E1 /* EmojisUITests */ = {
			isa = PBXGroup;
			children = (
				E7DBD7011DD2BCF50059C5E1 /* EmojisUITests.m */,
				E7DBD7031DD2BCF50059C5E1 /* Info.plist */,
			);
			path = EmojisUITests;
			sourceTree = "<group>";
		};
		F9399FE2F65F2A7B47327FA6 /* Pods */ = {
			isa = PBXGroup;
			children = (
				075E73A84EFD8A6B4F95499E /* Pods-Emojis.debug.xcconfig */,
				8BD55B8295604C9396F6E6B6 /* Pods-Emojis.release.xcconfig */,
				D966493923BD5FADD2541A62 /* Pods-EmojisTests.debug.xcconfig */,
				83ED15E56C9635D500472936 /* Pods-EmojisTests.release.xcconfig */,
				D6FE0BF47FD62C5115FA63C4 /* Pods-EmojisUITests.debug.xcconfig */,
				0F907547DBB11D045F13C0DD /* Pods-EmojisUITests.release.xcconfig */,
			);
			name = Pods;
			sourceTree = "<group>";
		};
/* End PBXGroup section */

/* Begin PBXNativeTarget section */
		E7DBD6D81DD2BCF50059C5E1 /* Emojis */ = {
			isa = PBXNativeTarget;
			buildConfigurationList = E7DBD7061DD2BCF50059C5E1 /* Build configuration list for PBXNativeTarget "Emojis" */;
			buildPhases = (
				1B8BB854EC019D420CE988CA /* [CP] Check Pods Manifest.lock */,
				E7DBD6D51DD2BCF50059C5E1 /* Sources */,
				E7DBD6D61DD2BCF50059C5E1 /* Frameworks */,
				E7DBD6D71DD2BCF50059C5E1 /* Resources */,
				8BEDD04C17B487FA42A99A33 /* [CP] Embed Pods Frameworks */,
				C07373363C63CD5CE88E9D95 /* [CP] Copy Pods Resources */,
			);
			buildRules = (
			);
			dependencies = (
			);
			name = Emojis;
			productName = Emojis;
			productReference = E7DBD6D91DD2BCF50059C5E1 /* Emojis.app */;
			productType = "com.apple.product-type.application";
		};
		E7DBD6F11DD2BCF50059C5E1 /* EmojisTests */ = {
			isa = PBXNativeTarget;
			buildConfigurationList = E7DBD7091DD2BCF50059C5E1 /* Build configuration list for PBXNativeTarget "EmojisTests" */;
			buildPhases = (
				CD62A83EAAD2238ABFA03691 /* [CP] Check Pods Manifest.lock */,
				E7DBD6EE1DD2BCF50059C5E1 /* Sources */,
				E7DBD6EF1DD2BCF50059C5E1 /* Frameworks */,
				E7DBD6F01DD2BCF50059C5E1 /* Resources */,
				A9AC4ED5CCB12C0FA46DF961 /* [CP] Embed Pods Frameworks */,
				8F0CE999CB5A1B83AF0CD115 /* [CP] Copy Pods Resources */,
			);
			buildRules = (
			);
			dependencies = (
				E7DBD6F41DD2BCF50059C5E1 /* PBXTargetDependency */,
			);
			name = EmojisTests;
			productName = EmojisTests;
			productReference = E7DBD6F21DD2BCF50059C5E1 /* EmojisTests.xctest */;
			productType = "com.apple.product-type.bundle.unit-test";
		};
		E7DBD6FC1DD2BCF50059C5E1 /* EmojisUITests */ = {
			isa = PBXNativeTarget;
			buildConfigurationList = E7DBD70C1DD2BCF50059C5E1 /* Build configuration list for PBXNativeTarget "EmojisUITests" */;
			buildPhases = (
				A32D1B7DCF5CC268D0D120FA /* [CP] Check Pods Manifest.lock */,
				E7DBD6F91DD2BCF50059C5E1 /* Sources */,
				E7DBD6FA1DD2BCF50059C5E1 /* Frameworks */,
				E7DBD6FB1DD2BCF50059C5E1 /* Resources */,
				25235C2C76576A60D8BA663D /* [CP] Embed Pods Frameworks */,
				BA59008E1784781593E6D1D6 /* [CP] Copy Pods Resources */,
			);
			buildRules = (
			);
			dependencies = (
				E7DBD6FF1DD2BCF50059C5E1 /* PBXTargetDependency */,
			);
			name = EmojisUITests;
			productName = EmojisUITests;
			productReference = E7DBD6FD1DD2BCF50059C5E1 /* EmojisUITests.xctest */;
			productType = "com.apple.product-type.bundle.ui-testing";
		};
/* End PBXNativeTarget section */

/* Begin PBXProject section */
		E7DBD6D11DD2BCF50059C5E1 /* Project object */ = {
			isa = PBXProject;
			attributes = {
				LastUpgradeCheck = 0810;
				ORGANIZATIONNAME = "Gauri Tikekar";
				TargetAttributes = {
					E7DBD6D81DD2BCF50059C5E1 = {
						CreatedOnToolsVersion = 8.1;
						DevelopmentTeam = GQAPG2Q6U6;
						ProvisioningStyle = Automatic;
					};
					E7DBD6F11DD2BCF50059C5E1 = {
						CreatedOnToolsVersion = 8.1;
						ProvisioningStyle = Automatic;
						TestTargetID = E7DBD6D81DD2BCF50059C5E1;
					};
					E7DBD6FC1DD2BCF50059C5E1 = {
						CreatedOnToolsVersion = 8.1;
						ProvisioningStyle = Automatic;
						TestTargetID = E7DBD6D81DD2BCF50059C5E1;
					};
				};
			};
			buildConfigurationList = E7DBD6D41DD2BCF50059C5E1 /* Build configuration list for PBXProject "Emojis" */;
			compatibilityVersion = "Xcode 3.2";
			developmentRegion = English;
			hasScannedForEncodings = 0;
			knownRegions = (
				en,
				Base,
			);
			mainGroup = E7DBD6D01DD2BCF50059C5E1;
			productRefGroup = E7DBD6DA1DD2BCF50059C5E1 /* Products */;
			projectDirPath = "";
			projectRoot = "";
			targets = (
				E7DBD6D81DD2BCF50059C5E1 /* Emojis */,
				E7DBD6F11DD2BCF50059C5E1 /* EmojisTests */,
				E7DBD6FC1DD2BCF50059C5E1 /* EmojisUITests */,
			);
		};
/* End PBXProject section */

/* Begin PBXResourcesBuildPhase section */
		E7DBD6D71DD2BCF50059C5E1 /* Resources */ = {
			isa = PBXResourcesBuildPhase;
			buildActionMask = 2147483647;
			files = (
				E7DBD6EC1DD2BCF50059C5E1 /* LaunchScreen.storyboard in Resources */,
				E7DBD6E91DD2BCF50059C5E1 /* Assets.xcassets in Resources */,
				E7DBD6E71DD2BCF50059C5E1 /* Main.storyboard in Resources */,
			);
			runOnlyForDeploymentPostprocessing = 0;
		};
		E7DBD6F01DD2BCF50059C5E1 /* Resources */ = {
			isa = PBXResourcesBuildPhase;
			buildActionMask = 2147483647;
			files = (
			);
			runOnlyForDeploymentPostprocessing = 0;
		};
		E7DBD6FB1DD2BCF50059C5E1 /* Resources */ = {
			isa = PBXResourcesBuildPhase;
			buildActionMask = 2147483647;
			files = (
			);
			runOnlyForDeploymentPostprocessing = 0;
		};
/* End PBXResourcesBuildPhase section */

/* Begin PBXShellScriptBuildPhase section */
		1B8BB854EC019D420CE988CA /* [CP] Check Pods Manifest.lock */ = {
			isa = PBXShellScriptBuildPhase;
			buildActionMask = 2147483647;
			files = (
			);
			inputPaths = (
			);
			name = "[CP] Check Pods Manifest.lock";
			outputPaths = (
			);
			runOnlyForDeploymentPostprocessing = 0;
			shellPath = /bin/sh;
			shellScript = "diff \"${PODS_ROOT}/../Podfile.lock\" \"${PODS_ROOT}/Manifest.lock\" > /dev/null\nif [ $? != 0 ] ; then\n    # print error to STDERR\n    echo \"error: The sandbox is not in sync with the Podfile.lock. Run 'pod install' or update your CocoaPods installation.\" >&2\n    exit 1\nfi\n";
			showEnvVarsInLog = 0;
		};
		25235C2C76576A60D8BA663D /* [CP] Embed Pods Frameworks */ = {
			isa = PBXShellScriptBuildPhase;
			buildActionMask = 2147483647;
			files = (
			);
			inputPaths = (
			);
			name = "[CP] Embed Pods Frameworks";
			outputPaths = (
			);
			runOnlyForDeploymentPostprocessing = 0;
			shellPath = /bin/sh;
			shellScript = "\"${SRCROOT}/Pods/Target Support Files/Pods-EmojisUITests/Pods-EmojisUITests-frameworks.sh\"\n";
			showEnvVarsInLog = 0;
		};
		8BEDD04C17B487FA42A99A33 /* [CP] Embed Pods Frameworks */ = {
			isa = PBXShellScriptBuildPhase;
			buildActionMask = 2147483647;
			files = (
			);
			inputPaths = (
			);
			name = "[CP] Embed Pods Frameworks";
			outputPaths = (
			);
			runOnlyForDeploymentPostprocessing = 0;
			shellPath = /bin/sh;
			shellScript = "\"${SRCROOT}/Pods/Target Support Files/Pods-Emojis/Pods-Emojis-frameworks.sh\"\n";
			showEnvVarsInLog = 0;
		};
		8F0CE999CB5A1B83AF0CD115 /* [CP] Copy Pods Resources */ = {
			isa = PBXShellScriptBuildPhase;
			buildActionMask = 2147483647;
			files = (
			);
			inputPaths = (
			);
			name = "[CP] Copy Pods Resources";
			outputPaths = (
			);
			runOnlyForDeploymentPostprocessing = 0;
			shellPath = /bin/sh;
			shellScript = "\"${SRCROOT}/Pods/Target Support Files/Pods-EmojisTests/Pods-EmojisTests-resources.sh\"\n";
			showEnvVarsInLog = 0;
		};
		A32D1B7DCF5CC268D0D120FA /* [CP] Check Pods Manifest.lock */ = {
			isa = PBXShellScriptBuildPhase;
			buildActionMask = 2147483647;
			files = (
			);
			inputPaths = (
			);
			name = "[CP] Check Pods Manifest.lock";
			outputPaths = (
			);
			runOnlyForDeploymentPostprocessing = 0;
			shellPath = /bin/sh;
			shellScript = "diff \"${PODS_ROOT}/../Podfile.lock\" \"${PODS_ROOT}/Manifest.lock\" > /dev/null\nif [ $? != 0 ] ; then\n    # print error to STDERR\n    echo \"error: The sandbox is not in sync with the Podfile.lock. Run 'pod install' or update your CocoaPods installation.\" >&2\n    exit 1\nfi\n";
			showEnvVarsInLog = 0;
		};
		A9AC4ED5CCB12C0FA46DF961 /* [CP] Embed Pods Frameworks */ = {
			isa = PBXShellScriptBuildPhase;
			buildActionMask = 2147483647;
			files = (
			);
			inputPaths = (
			);
			name = "[CP] Embed Pods Frameworks";
			outputPaths = (
			);
			runOnlyForDeploymentPostprocessing = 0;
			shellPath = /bin/sh;
			shellScript = "\"${SRCROOT}/Pods/Target Support Files/Pods-EmojisTests/Pods-EmojisTests-frameworks.sh\"\n";
			showEnvVarsInLog = 0;
		};
		BA59008E1784781593E6D1D6 /* [CP] Copy Pods Resources */ = {
			isa = PBXShellScriptBuildPhase;
			buildActionMask = 2147483647;
			files = (
			);
			inputPaths = (
			);
			name = "[CP] Copy Pods Resources";
			outputPaths = (
			);
			runOnlyForDeploymentPostprocessing = 0;
			shellPath = /bin/sh;
			shellScript = "\"${SRCROOT}/Pods/Target Support Files/Pods-EmojisUITests/Pods-EmojisUITests-resources.sh\"\n";
			showEnvVarsInLog = 0;
		};
		C07373363C63CD5CE88E9D95 /* [CP] Copy Pods Resources */ = {
			isa = PBXShellScriptBuildPhase;
			buildActionMask = 2147483647;
			files = (
			);
			inputPaths = (
			);
			name = "[CP] Copy Pods Resources";
			outputPaths = (
			);
			runOnlyForDeploymentPostprocessing = 0;
			shellPath = /bin/sh;
			shellScript = "\"${SRCROOT}/Pods/Target Support Files/Pods-Emojis/Pods-Emojis-resources.sh\"\n";
			showEnvVarsInLog = 0;
		};
		CD62A83EAAD2238ABFA03691 /* [CP] Check Pods Manifest.lock */ = {
			isa = PBXShellScriptBuildPhase;
			buildActionMask = 2147483647;
			files = (
			);
			inputPaths = (
			);
			name = "[CP] Check Pods Manifest.lock";
			outputPaths = (
			);
			runOnlyForDeploymentPostprocessing = 0;
			shellPath = /bin/sh;
			shellScript = "diff \"${PODS_ROOT}/../Podfile.lock\" \"${PODS_ROOT}/Manifest.lock\" > /dev/null\nif [ $? != 0 ] ; then\n    # print error to STDERR\n    echo \"error: The sandbox is not in sync with the Podfile.lock. Run 'pod install' or update your CocoaPods installation.\" >&2\n    exit 1\nfi\n";
			showEnvVarsInLog = 0;
		};
/* End PBXShellScriptBuildPhase section */

/* Begin PBXSourcesBuildPhase section */
		E7DBD6D51DD2BCF50059C5E1 /* Sources */ = {
			isa = PBXSourcesBuildPhase;
			buildActionMask = 2147483647;
			files = (
				E7DBD6E41DD2BCF50059C5E1 /* SMRootViewController.m in Sources */,
				E7D05EC11DD2E28E0001411F /* SMEmojisCollection.m in Sources */,
				E7D05EC41DD2EC070001411F /* SMEmojiCollectionViewCell.m in Sources */,
				E7DBD6E11DD2BCF50059C5E1 /* AppDelegate.m in Sources */,
				E7D05EC71DD2EF200001411F /* SMEmojiDetailsViewController.m in Sources */,
				E7DBD6DE1DD2BCF50059C5E1 /* main.m in Sources */,
				E7D05ECA1DD2F35F0001411F /* SMEmoji.m in Sources */,
			);
			runOnlyForDeploymentPostprocessing = 0;
		};
		E7DBD6EE1DD2BCF50059C5E1 /* Sources */ = {
			isa = PBXSourcesBuildPhase;
			buildActionMask = 2147483647;
			files = (
				E7DBD6F71DD2BCF50059C5E1 /* EmojisTests.m in Sources */,
			);
			runOnlyForDeploymentPostprocessing = 0;
		};
		E7DBD6F91DD2BCF50059C5E1 /* Sources */ = {
			isa = PBXSourcesBuildPhase;
			buildActionMask = 2147483647;
			files = (
				E7DBD7021DD2BCF50059C5E1 /* EmojisUITests.m in Sources */,
			);
			runOnlyForDeploymentPostprocessing = 0;
		};
/* End PBXSourcesBuildPhase section */

/* Begin PBXTargetDependency section */
		E7DBD6F41DD2BCF50059C5E1 /* PBXTargetDependency */ = {
			isa = PBXTargetDependency;
			target = E7DBD6D81DD2BCF50059C5E1 /* Emojis */;
			targetProxy = E7DBD6F31DD2BCF50059C5E1 /* PBXContainerItemProxy */;
		};
		E7DBD6FF1DD2BCF50059C5E1 /* PBXTargetDependency */ = {
			isa = PBXTargetDependency;
			target = E7DBD6D81DD2BCF50059C5E1 /* Emojis */;
			targetProxy = E7DBD6FE1DD2BCF50059C5E1 /* PBXContainerItemProxy */;
		};
/* End PBXTargetDependency section */

/* Begin PBXVariantGroup section */
		E7DBD6E51DD2BCF50059C5E1 /* Main.storyboard */ = {
			isa = PBXVariantGroup;
			children = (
				E7DBD6E61DD2BCF50059C5E1 /* Base */,
			);
			name = Main.storyboard;
			sourceTree = "<group>";
		};
		E7DBD6EA1DD2BCF50059C5E1 /* LaunchScreen.storyboard */ = {
			isa = PBXVariantGroup;
			children = (
				E7DBD6EB1DD2BCF50059C5E1 /* Base */,
			);
			name = LaunchScreen.storyboard;
			sourceTree = "<group>";
		};
/* End PBXVariantGroup section */

/* Begin XCBuildConfiguration section */
		E7DBD7041DD2BCF50059C5E1 /* Debug */ = {
			isa = XCBuildConfiguration;
			buildSettings = {
				ALWAYS_SEARCH_USER_PATHS = NO;
				CLANG_ANALYZER_NONNULL = YES;
				CLANG_CXX_LANGUAGE_STANDARD = "gnu++0x";
				CLANG_CXX_LIBRARY = "libc++";
				CLANG_ENABLE_MODULES = YES;
				CLANG_ENABLE_OBJC_ARC = YES;
				CLANG_WARN_BOOL_CONVERSION = YES;
				CLANG_WARN_CONSTANT_CONVERSION = YES;
				CLANG_WARN_DIRECT_OBJC_ISA_USAGE = YES_ERROR;
				CLANG_WARN_DOCUMENTATION_COMMENTS = YES;
				CLANG_WARN_EMPTY_BODY = YES;
				CLANG_WARN_ENUM_CONVERSION = YES;
				CLANG_WARN_INFINITE_RECURSION = YES;
				CLANG_WARN_INT_CONVERSION = YES;
				CLANG_WARN_OBJC_ROOT_CLASS = YES_ERROR;
				CLANG_WARN_SUSPICIOUS_MOVE = YES;
				CLANG_WARN_SUSPICIOUS_MOVES = YES;
				CLANG_WARN_UNREACHABLE_CODE = YES;
				CLANG_WARN__DUPLICATE_METHOD_MATCH = YES;
				"CODE_SIGN_IDENTITY[sdk=iphoneos*]" = "iPhone Developer";
				COPY_PHASE_STRIP = NO;
				DEBUG_INFORMATION_FORMAT = dwarf;
				ENABLE_STRICT_OBJC_MSGSEND = YES;
				ENABLE_TESTABILITY = YES;
				GCC_C_LANGUAGE_STANDARD = gnu99;
				GCC_DYNAMIC_NO_PIC = NO;
				GCC_NO_COMMON_BLOCKS = YES;
				GCC_OPTIMIZATION_LEVEL = 0;
				GCC_PREPROCESSOR_DEFINITIONS = (
					"DEBUG=1",
					"$(inherited)",
				);
				GCC_WARN_64_TO_32_BIT_CONVERSION = YES;
				GCC_WARN_ABOUT_RETURN_TYPE = YES_ERROR;
				GCC_WARN_UNDECLARED_SELECTOR = YES;
				GCC_WARN_UNINITIALIZED_AUTOS = YES_AGGRESSIVE;
				GCC_WARN_UNUSED_FUNCTION = YES;
				GCC_WARN_UNUSED_VARIABLE = YES;
				IPHONEOS_DEPLOYMENT_TARGET = 10.1;
				MTL_ENABLE_DEBUG_INFO = YES;
				ONLY_ACTIVE_ARCH = YES;
				SDKROOT = iphoneos;
				TARGETED_DEVICE_FAMILY = "1,2";
			};
			name = Debug;
		};
		E7DBD7051DD2BCF50059C5E1 /* Release */ = {
			isa = XCBuildConfiguration;
			buildSettings = {
				ALWAYS_SEARCH_USER_PATHS = NO;
				CLANG_ANALYZER_NONNULL = YES;
				CLANG_CXX_LANGUAGE_STANDARD = "gnu++0x";
				CLANG_CXX_LIBRARY = "libc++";
				CLANG_ENABLE_MODULES = YES;
				CLANG_ENABLE_OBJC_ARC = YES;
				CLANG_WARN_BOOL_CONVERSION = YES;
				CLANG_WARN_CONSTANT_CONVERSION = YES;
				CLANG_WARN_DIRECT_OBJC_ISA_USAGE = YES_ERROR;
				CLANG_WARN_DOCUMENTATION_COMMENTS = YES;
				CLANG_WARN_EMPTY_BODY = YES;
				CLANG_WARN_ENUM_CONVERSION = YES;
				CLANG_WARN_INFINITE_RECURSION = YES;
				CLANG_WARN_INT_CONVERSION = YES;
				CLANG_WARN_OBJC_ROOT_CLASS = YES_ERROR;
				CLANG_WARN_SUSPICIOUS_MOVE = YES;
				CLANG_WARN_SUSPICIOUS_MOVES = YES;
				CLANG_WARN_UNREACHABLE_CODE = YES;
				CLANG_WARN__DUPLICATE_METHOD_MATCH = YES;
				"CODE_SIGN_IDENTITY[sdk=iphoneos*]" = "iPhone Developer";
				COPY_PHASE_STRIP = NO;
				DEBUG_INFORMATION_FORMAT = "dwarf-with-dsym";
				ENABLE_NS_ASSERTIONS = NO;
				ENABLE_STRICT_OBJC_MSGSEND = YES;
				GCC_C_LANGUAGE_STANDARD = gnu99;
				GCC_NO_COMMON_BLOCKS = YES;
				GCC_WARN_64_TO_32_BIT_CONVERSION = YES;
				GCC_WARN_ABOUT_RETURN_TYPE = YES_ERROR;
				GCC_WARN_UNDECLARED_SELECTOR = YES;
				GCC_WARN_UNINITIALIZED_AUTOS = YES_AGGRESSIVE;
				GCC_WARN_UNUSED_FUNCTION = YES;
				GCC_WARN_UNUSED_VARIABLE = YES;
				IPHONEOS_DEPLOYMENT_TARGET = 10.1;
				MTL_ENABLE_DEBUG_INFO = NO;
				SDKROOT = iphoneos;
				TARGETED_DEVICE_FAMILY = "1,2";
				VALIDATE_PRODUCT = YES;
			};
			name = Release;
		};
		E7DBD7071DD2BCF50059C5E1 /* Debug */ = {
			isa = XCBuildConfiguration;
			baseConfigurationReference = 075E73A84EFD8A6B4F95499E /* Pods-Emojis.debug.xcconfig */;
			buildSettings = {
				ASSETCATALOG_COMPILER_APPICON_NAME = AppIcon;
				DEVELOPMENT_TEAM = GQAPG2Q6U6;
				INFOPLIST_FILE = Emojis/Info.plist;
				LD_RUNPATH_SEARCH_PATHS = "$(inherited) @executable_path/Frameworks";
				PRODUCT_BUNDLE_IDENTIFIER = com.surveymonkey.Emojis;
				PRODUCT_NAME = "$(TARGET_NAME)";
			};
			name = Debug;
		};
		E7DBD7081DD2BCF50059C5E1 /* Release */ = {
			isa = XCBuildConfiguration;
			baseConfigurationReference = 8BD55B8295604C9396F6E6B6 /* Pods-Emojis.release.xcconfig */;
			buildSettings = {
				ASSETCATALOG_COMPILER_APPICON_NAME = AppIcon;
				DEVELOPMENT_TEAM = GQAPG2Q6U6;
				INFOPLIST_FILE = Emojis/Info.plist;
				LD_RUNPATH_SEARCH_PATHS = "$(inherited) @executable_path/Frameworks";
				PRODUCT_BUNDLE_IDENTIFIER = com.surveymonkey.Emojis;
				PRODUCT_NAME = "$(TARGET_NAME)";
			};
			name = Release;
		};
		E7DBD70A1DD2BCF50059C5E1 /* Debug */ = {
			isa = XCBuildConfiguration;
			baseConfigurationReference = D966493923BD5FADD2541A62 /* Pods-EmojisTests.debug.xcconfig */;
			buildSettings = {
				BUNDLE_LOADER = "$(TEST_HOST)";
				INFOPLIST_FILE = EmojisTests/Info.plist;
				LD_RUNPATH_SEARCH_PATHS = "$(inherited) @executable_path/Frameworks @loader_path/Frameworks";
				PRODUCT_BUNDLE_IDENTIFIER = com.surveymonkey.EmojisTests;
				PRODUCT_NAME = "$(TARGET_NAME)";
				TEST_HOST = "$(BUILT_PRODUCTS_DIR)/Emojis.app/Emojis";
			};
			name = Debug;
		};
		E7DBD70B1DD2BCF50059C5E1 /* Release */ = {
			isa = XCBuildConfiguration;
			baseConfigurationReference = 83ED15E56C9635D500472936 /* Pods-EmojisTests.release.xcconfig */;
			buildSettings = {
				BUNDLE_LOADER = "$(TEST_HOST)";
				INFOPLIST_FILE = EmojisTests/Info.plist;
				LD_RUNPATH_SEARCH_PATHS = "$(inherited) @executable_path/Frameworks @loader_path/Frameworks";
				PRODUCT_BUNDLE_IDENTIFIER = com.surveymonkey.EmojisTests;
				PRODUCT_NAME = "$(TARGET_NAME)";
				TEST_HOST = "$(BUILT_PRODUCTS_DIR)/Emojis.app/Emojis";
			};
			name = Release;
		};
		E7DBD70D1DD2BCF50059C5E1 /* Debug */ = {
			isa = XCBuildConfiguration;
			baseConfigurationReference = D6FE0BF47FD62C5115FA63C4 /* Pods-EmojisUITests.debug.xcconfig */;
			buildSettings = {
				INFOPLIST_FILE = EmojisUITests/Info.plist;
				LD_RUNPATH_SEARCH_PATHS = "$(inherited) @executable_path/Frameworks @loader_path/Frameworks";
				PRODUCT_BUNDLE_IDENTIFIER = com.surveymonkey.EmojisUITests;
				PRODUCT_NAME = "$(TARGET_NAME)";
				TEST_TARGET_NAME = Emojis;
			};
			name = Debug;
		};
		E7DBD70E1DD2BCF50059C5E1 /* Release */ = {
			isa = XCBuildConfiguration;
			baseConfigurationReference = 0F907547DBB11D045F13C0DD /* Pods-EmojisUITests.release.xcconfig */;
			buildSettings = {
				INFOPLIST_FILE = EmojisUITests/Info.plist;
				LD_RUNPATH_SEARCH_PATHS = "$(inherited) @executable_path/Frameworks @loader_path/Frameworks";
				PRODUCT_BUNDLE_IDENTIFIER = com.surveymonkey.EmojisUITests;
				PRODUCT_NAME = "$(TARGET_NAME)";
				TEST_TARGET_NAME = Emojis;
			};
			name = Release;
		};
/* End XCBuildConfiguration section */

/* Begin XCConfigurationList section */
		E7DBD6D41DD2BCF50059C5E1 /* Build configuration list for PBXProject "Emojis" */ = {
			isa = XCConfigurationList;
			buildConfigurations = (
				E7DBD7041DD2BCF50059C5E1 /* Debug */,
				E7DBD7051DD2BCF50059C5E1 /* Release */,
			);
			defaultConfigurationIsVisible = 0;
			defaultConfigurationName = Release;
		};
		E7DBD7061DD2BCF50059C5E1 /* Build configuration list for PBXNativeTarget "Emojis" */ = {
			isa = XCConfigurationList;
			buildConfigurations = (
				E7DBD7071DD2BCF50059C5E1 /* Debug */,
				E7DBD7081DD2BCF50059C5E1 /* Release */,
			);
			defaultConfigurationIsVisible = 0;
			defaultConfigurationName = Release;
		};
		E7DBD7091DD2BCF50059C5E1 /* Build configuration list for PBXNativeTarget "EmojisTests" */ = {
			isa = XCConfigurationList;
			buildConfigurations = (
				E7DBD70A1DD2BCF50059C5E1 /* Debug */,
				E7DBD70B1DD2BCF50059C5E1 /* Release */,
			);
			defaultConfigurationIsVisible = 0;
			defaultConfigurationName = Release;
		};
		E7DBD70C1DD2BCF50059C5E1 /* Build configuration list for PBXNativeTarget "EmojisUITests" */ = {
			isa = XCConfigurationList;
			buildConfigurations = (
				E7DBD70D1DD2BCF50059C5E1 /* Debug */,
				E7DBD70E1DD2BCF50059C5E1 /* Release */,
			);
			defaultConfigurationIsVisible = 0;
			defaultConfigurationName = Release;
		};
/* End XCConfigurationList section */
	};
	rootObject = E7DBD6D11DD2BCF50059C5E1 /* Project object */;
}
